
Microsoft Visual Studio Solution File, Format Version 12.00
# Visual Studio Version 17
VisualStudioVersion = 17.7.34221.43
MinimumVisualStudioVersion = 10.0.40219.1
Project("{9A19103F-16F7-4668-BE54-9A1E7A4F7556}") = "WebApplication1", "WebApplication1\WebApplication1.csproj", "{0FB9DB17-8A81-424B-9E4E-B2C30360A20E}"
EndProject
Project("{E53339B2-1760-4266-BCC7-CA923CBCF16C}") = "docker-compose", "docker-compose.dcproj", "{07BFB09F-D5D6-4F2D-A82D-362A51B56302}"
EndProject
Global
	GlobalSection(SolutionConfigurationPlatforms) = preSolution
		Debug|Any CPU = Debug|Any CPU
		Release|Any CPU = Release|Any CPU
	EndGlobalSection
	GlobalSection(ProjectConfigurationPlatforms) = postSolution
		{0FB9DB17-8A81-424B-9E4E-B2C30360A20E}.Debug|Any CPU.ActiveCfg = Debug|Any CPU
		{0FB9DB17-8A81-424B-9E4E-B2C30360A20E}.Debug|Any CPU.Build.0 = Debug|Any CPU
		{0FB9DB17-8A81-424B-9E4E-B2C30360A20E}.Release|Any CPU.ActiveCfg = Release|Any CPU
		{0FB9DB17-8A81-424B-9E4E-B2C30360A20E}.Release|Any CPU.Build.0 = Release|Any CPU
		{07BFB09F-D5D6-4F2D-A82D-362A51B56302}.Debug|Any CPU.ActiveCfg = Debug|Any CPU
		{07BFB09F-D5D6-4F2D-A82D-362A51B56302}.Debug|Any CPU.Build.0 = Debug|Any CPU
		{07BFB09F-D5D6-4F2D-A82D-362A51B56302}.Release|Any CPU.ActiveCfg = Release|Any CPU
		{07BFB09F-D5D6-4F2D-A82D-362A51B56302}.Release|Any CPU.Build.0 = Release|Any CPU
	EndGlobalSection
	GlobalSection(SolutionProperties) = preSolution
		HideSolutionNode = FALSE
	EndGlobalSection
	GlobalSection(ExtensibilityGlobals) = postSolution
		SolutionGuid = {B693C424-81D6-4C41-B9D1-6370A8E55FD6}
	EndGlobalSection
EndGlobal
